
Microsoft Visual Studio Solution File, Format Version 12.00
# Visual Studio Version 17
VisualStudioVersion = 17.8.34511.84
MinimumVisualStudioVersion = 10.0.40219.1
Project("{FAE04EC0-301F-11D3-BF4B-00C04F79EFBC}") = "WpfApp4.DataAccess", "WpfApp4.DataAccess\WpfApp4.DataAccess.csproj", "{944D0982-8E58-4508-91FF-37D530071E39}"
EndProject
Project("{FAE04EC0-301F-11D3-BF4B-00C04F79EFBC}") = "WpfApp4.Desktop", "WpfApp4.Desktop\WpfApp4.Desktop.csproj", "{77591E73-F670-4B69-92ED-84208D84B221}"
EndProject
Global
	GlobalSection(SolutionConfigurationPlatforms) = preSolution
		Debug|Any CPU = Debug|Any CPU
		Release|Any CPU = Release|Any CPU
	EndGlobalSection
	GlobalSection(ProjectConfigurationPlatforms) = postSolution
		{944D0982-8E58-4508-91FF-37D530071E39}.Debug|Any CPU.ActiveCfg = Debug|Any CPU
		{944D0982-8E58-4508-91FF-37D530071E39}.Debug|Any CPU.Build.0 = Debug|Any CPU
		{944D0982-8E58-4508-91FF-37D530071E39}.Release|Any CPU.ActiveCfg = Release|Any CPU
		{944D0982-8E58-4508-91FF-37D530071E39}.Release|Any CPU.Build.0 = Release|Any CPU
		{77591E73-F670-4B69-92ED-84208D84B221}.Debug|Any CPU.ActiveCfg = Debug|Any CPU
		{77591E73-F670-4B69-92ED-84208D84B221}.Debug|Any CPU.Build.0 = Debug|Any CPU
		{77591E73-F670-4B69-92ED-84208D84B221}.Release|Any CPU.ActiveCfg = Release|Any CPU
		{77591E73-F670-4B69-92ED-84208D84B221}.Release|Any CPU.Build.0 = Release|Any CPU
	EndGlobalSection
	GlobalSection(SolutionProperties) = preSolution
		HideSolutionNode = FALSE
	EndGlobalSection
	GlobalSection(ExtensibilityGlobals) = postSolution
		SolutionGuid = {3362ED04-C834-48FC-A9A8-BF236979A86D}
	EndGlobalSection
EndGlobal
